
Microsoft Visual Studio Solution File, Format Version 12.00
# Visual Studio Version 16
VisualStudioVersion = 16.0.34031.81
MinimumVisualStudioVersion = 10.0.40219.1
Project("{888888A0-9F3D-457C-B088-3A5042F75D52}") = "practica 2 python", "practica 2 python\practica 2 python.pyproj", "{9B6D6C52-8FE3-4429-84BF-9E39DCC003D2}"
EndProject
Global
	GlobalSection(SolutionConfigurationPlatforms) = preSolution
		Debug|Any CPU = Debug|Any CPU
		Release|Any CPU = Release|Any CPU
	EndGlobalSection
	GlobalSection(ProjectConfigurationPlatforms) = postSolution
		{9B6D6C52-8FE3-4429-84BF-9E39DCC003D2}.Debug|Any CPU.ActiveCfg = Debug|Any CPU
		{9B6D6C52-8FE3-4429-84BF-9E39DCC003D2}.Release|Any CPU.ActiveCfg = Release|Any CPU
	EndGlobalSection
	GlobalSection(SolutionProperties) = preSolution
		HideSolutionNode = FALSE
	EndGlobalSection
	GlobalSection(ExtensibilityGlobals) = postSolution
		SolutionGuid = {74D014B3-334C-4ECE-A2C2-E86EC02BB934}
	EndGlobalSection
EndGlobal
